
Microsoft Visual Studio Solution File, Format Version 12.00
# Visual Studio Version 17
VisualStudioVersion = 17.0.32112.339
MinimumVisualStudioVersion = 10.0.40219.1
Project("{9A19103F-16F7-4668-BE54-9A1E7A4F7556}") = "TestMvc", "TestMvc.csproj", "{83AFA6A5-DB30-43B6-81A0-B20CC2574451}"
EndProject
Global
	GlobalSection(SolutionConfigurationPlatforms) = preSolution
		Debug|Any CPU = Debug|Any CPU
		Release|Any CPU = Release|Any CPU
	EndGlobalSection
	GlobalSection(ProjectConfigurationPlatforms) = postSolution
		{83AFA6A5-DB30-43B6-81A0-B20CC2574451}.Debug|Any CPU.ActiveCfg = Debug|Any CPU
		{83AFA6A5-DB30-43B6-81A0-B20CC2574451}.Debug|Any CPU.Build.0 = Debug|Any CPU
		{83AFA6A5-DB30-43B6-81A0-B20CC2574451}.Release|Any CPU.ActiveCfg = Release|Any CPU
		{83AFA6A5-DB30-43B6-81A0-B20CC2574451}.Release|Any CPU.Build.0 = Release|Any CPU
	EndGlobalSection
	GlobalSection(SolutionProperties) = preSolution
		HideSolutionNode = FALSE
	EndGlobalSection
	GlobalSection(ExtensibilityGlobals) = postSolution
		SolutionGuid = {9F0C0B16-CAD0-4C08-A219-E3B74FC9DD73}
	EndGlobalSection
EndGlobal
